
Microsoft Visual Studio Solution File, Format Version 12.00
# Visual Studio Version 17
VisualStudioVersion = 17.3.32825.248
MinimumVisualStudioVersion = 10.0.40219.1
Project("{9A19103F-16F7-4668-BE54-9A1E7A4F7556}") = "CIS341_Project", "CIS341_Project\CIS341_Project.csproj", "{19AE2D44-2D66-4872-B29C-E7EA85B4742B}"
EndProject
Project("{9A19103F-16F7-4668-BE54-9A1E7A4F7556}") = "Tests", "Tests\Tests.csproj", "{5ADFEDF7-2B80-4233-A0D4-E4D629D327E1}"
EndProject
Project("{9A19103F-16F7-4668-BE54-9A1E7A4F7556}") = "TaskSchedulerLibrary", "TaskSchedulerLibrary\TaskSchedulerLibrary.csproj", "{DCAE0B3F-29FF-4032-AADF-9F9C69AD9801}"
EndProject
Global
	GlobalSection(SolutionConfigurationPlatforms) = preSolution
		Debug|Any CPU = Debug|Any CPU
		Release|Any CPU = Release|Any CPU
	EndGlobalSection
	GlobalSection(ProjectConfigurationPlatforms) = postSolution
		{19AE2D44-2D66-4872-B29C-E7EA85B4742B}.Debug|Any CPU.ActiveCfg = Debug|Any CPU
		{19AE2D44-2D66-4872-B29C-E7EA85B4742B}.Debug|Any CPU.Build.0 = Debug|Any CPU
		{19AE2D44-2D66-4872-B29C-E7EA85B4742B}.Release|Any CPU.ActiveCfg = Release|Any CPU
		{19AE2D44-2D66-4872-B29C-E7EA85B4742B}.Release|Any CPU.Build.0 = Release|Any CPU
		{5ADFEDF7-2B80-4233-A0D4-E4D629D327E1}.Debug|Any CPU.ActiveCfg = Debug|Any CPU
		{5ADFEDF7-2B80-4233-A0D4-E4D629D327E1}.Debug|Any CPU.Build.0 = Debug|Any CPU
		{5ADFEDF7-2B80-4233-A0D4-E4D629D327E1}.Release|Any CPU.ActiveCfg = Release|Any CPU
		{5ADFEDF7-2B80-4233-A0D4-E4D629D327E1}.Release|Any CPU.Build.0 = Release|Any CPU
		{DCAE0B3F-29FF-4032-AADF-9F9C69AD9801}.Debug|Any CPU.ActiveCfg = Debug|Any CPU
		{DCAE0B3F-29FF-4032-AADF-9F9C69AD9801}.Debug|Any CPU.Build.0 = Debug|Any CPU
		{DCAE0B3F-29FF-4032-AADF-9F9C69AD9801}.Release|Any CPU.ActiveCfg = Release|Any CPU
		{DCAE0B3F-29FF-4032-AADF-9F9C69AD9801}.Release|Any CPU.Build.0 = Release|Any CPU
	EndGlobalSection
	GlobalSection(SolutionProperties) = preSolution
		HideSolutionNode = FALSE
	EndGlobalSection
	GlobalSection(ExtensibilityGlobals) = postSolution
		SolutionGuid = {3AADE588-6CB5-4D45-A1CD-D55FD8E8FCA9}
	EndGlobalSection
EndGlobal
